
Microsoft Visual Studio Solution File, Format Version 12.00
# Visual Studio Version 17
VisualStudioVersion = 17.5.002.0
MinimumVisualStudioVersion = 10.0.40219.1
Project("{9A19103F-16F7-4668-BE54-9A1E7A4F7556}") = "BitFontData", "BitFontData.csproj", "{D8A5E8DE-C47C-475D-94EE-85CABF870876}"
EndProject
Global
	GlobalSection(SolutionConfigurationPlatforms) = preSolution
		Debug|Any CPU = Debug|Any CPU
		Release|Any CPU = Release|Any CPU
	EndGlobalSection
	GlobalSection(ProjectConfigurationPlatforms) = postSolution
		{D8A5E8DE-C47C-475D-94EE-85CABF870876}.Debug|Any CPU.ActiveCfg = Debug|Any CPU
		{D8A5E8DE-C47C-475D-94EE-85CABF870876}.Debug|Any CPU.Build.0 = Debug|Any CPU
		{D8A5E8DE-C47C-475D-94EE-85CABF870876}.Release|Any CPU.ActiveCfg = Release|Any CPU
		{D8A5E8DE-C47C-475D-94EE-85CABF870876}.Release|Any CPU.Build.0 = Release|Any CPU
	EndGlobalSection
	GlobalSection(SolutionProperties) = preSolution
		HideSolutionNode = FALSE
	EndGlobalSection
	GlobalSection(ExtensibilityGlobals) = postSolution
		SolutionGuid = {D64A6336-59A4-4EC5-9609-A9C2C94CEBB6}
	EndGlobalSection
EndGlobal
